// !$*UTF8*$!
{
	archiveVersion = 1;
	classes = {
	};
	objectVersion = 46;
	objects = {

/* Begin PBXBuildFile section */
		84874AFD1B4A6A8D00BD25A0 /* CollectionViewPhotoCell.swift in Sources */ = {isa = PBXBuildFile; fileRef = 84874AFC1B4A6A8D00BD25A0 /* CollectionViewPhotoCell.swift */; };
		84874B011B4E535F00BD25A0 /* FlickrDataSearch.swift in Sources */ = {isa = PBXBuildFile; fileRef = 84874B001B4E535F00BD25A0 /* FlickrDataSearch.swift */; };
		84E85BC01B441A3500288801 /* AppDelegate.swift in Sources */ = {isa = PBXBuildFile; fileRef = 84E85BBF1B441A3500288801 /* AppDelegate.swift */; };
		84E85BC51B441A3500288801 /* MainViewController.swift in Sources */ = {isa = PBXBuildFile; fileRef = 84E85BC41B441A3500288801 /* MainViewController.swift */; };
		84E85BC81B441A3500288801 /* Main.storyboard in Resources */ = {isa = PBXBuildFile; fileRef = 84E85BC61B441A3500288801 /* Main.storyboard */; };
		84E85BCA1B441A3500288801 /* Images.xcassets in Resources */ = {isa = PBXBuildFile; fileRef = 84E85BC91B441A3500288801 /* Images.xcassets */; };
		84E85BCD1B441A3500288801 /* LaunchScreen.xib in Resources */ = {isa = PBXBuildFile; fileRef = 84E85BCB1B441A3500288801 /* LaunchScreen.xib */; };
		84E85BD91B441A3600288801 /* VirtualTouristTests.swift in Sources */ = {isa = PBXBuildFile; fileRef = 84E85BD81B441A3600288801 /* VirtualTouristTests.swift */; };
		84E85BE41B441BBA00288801 /* Pin.swift in Sources */ = {isa = PBXBuildFile; fileRef = 84E85BE31B441BBA00288801 /* Pin.swift */; };
		84E85BE61B441BE700288801 /* Photo.swift in Sources */ = {isa = PBXBuildFile; fileRef = 84E85BE51B441BE700288801 /* Photo.swift */; };
		84E85BE91B441C8800288801 /* PhotoAlbumViewController.swift in Sources */ = {isa = PBXBuildFile; fileRef = 84E85BE81B441C8800288801 /* PhotoAlbumViewController.swift */; };
		84E85BEC1B44226100288801 /* FlickrClient.swift in Sources */ = {isa = PBXBuildFile; fileRef = 84E85BEB1B44226100288801 /* FlickrClient.swift */; };
		84E85BEE1B44227C00288801 /* FlickrConstants.swift in Sources */ = {isa = PBXBuildFile; fileRef = 84E85BED1B44227C00288801 /* FlickrConstants.swift */; };
		84E85BF11B4422CF00288801 /* CoreDataStackManager.swift in Sources */ = {isa = PBXBuildFile; fileRef = 84E85BF01B4422CF00288801 /* CoreDataStackManager.swift */; };
		84E85BF71B45526F00288801 /* VirtualTourist.xcdatamodeld in Sources */ = {isa = PBXBuildFile; fileRef = 84E85BF51B45526F00288801 /* VirtualTourist.xcdatamodeld */; };
		84E85BFB1B4689BF00288801 /* ImageCache.swift in Sources */ = {isa = PBXBuildFile; fileRef = 84E85BFA1B4689BF00288801 /* ImageCache.swift */; };
/* End PBXBuildFile section */

/* Begin PBXContainerItemProxy section */
		84E85BD31B441A3600288801 /* PBXContainerItemProxy */ = {
			isa = PBXContainerItemProxy;
			containerPortal = 84E85BB21B441A3500288801 /* Project object */;
			proxyType = 1;
			remoteGlobalIDString = 84E85BB91B441A3500288801;
			remoteInfo = VirtualTourist;
		};
/* End PBXContainerItemProxy section */

/* Begin PBXFileReference section */
		84874AFC1B4A6A8D00BD25A0 /* CollectionViewPhotoCell.swift */ = {isa = PBXFileReference; fileEncoding = 4; lastKnownFileType = sourcecode.swift; path = CollectionViewPhotoCell.swift; sourceTree = "<group>"; };
		84874B001B4E535F00BD25A0 /* FlickrDataSearch.swift */ = {isa = PBXFileReference; fileEncoding = 4; lastKnownFileType = sourcecode.swift; path = FlickrDataSearch.swift; sourceTree = "<group>"; };
		84E85BBA1B441A3500288801 /* VirtualTourist.app */ = {isa = PBXFileReference; explicitFileType = wrapper.application; includeInIndex = 0; path = VirtualTourist.app; sourceTree = BUILT_PRODUCTS_DIR; };
		84E85BBE1B441A3500288801 /* Info.plist */ = {isa = PBXFileReference; lastKnownFileType = text.plist.xml; path = Info.plist; sourceTree = "<group>"; };
		84E85BBF1B441A3500288801 /* AppDelegate.swift */ = {isa = PBXFileReference; lastKnownFileType = sourcecode.swift; path = AppDelegate.swift; sourceTree = "<group>"; };
		84E85BC41B441A3500288801 /* MainViewController.swift */ = {isa = PBXFileReference; lastKnownFileType = sourcecode.swift; path = MainViewController.swift; sourceTree = "<group>"; };
		84E85BC71B441A3500288801 /* Base */ = {isa = PBXFileReference; lastKnownFileType = file.storyboard; name = Base; path = Base.lproj/Main.storyboard; sourceTree = "<group>"; };
		84E85BC91B441A3500288801 /* Images.xcassets */ = {isa = PBXFileReference; lastKnownFileType = folder.assetcatalog; path = Images.xcassets; sourceTree = "<group>"; };
		84E85BCC1B441A3500288801 /* Base */ = {isa = PBXFileReference; lastKnownFileType = file.xib; name = Base; path = Base.lproj/LaunchScreen.xib; sourceTree = "<group>"; };
		84E85BD21B441A3600288801 /* VirtualTouristTests.xctest */ = {isa = PBXFileReference; explicitFileType = wrapper.cfbundle; includeInIndex = 0; path = VirtualTouristTests.xctest; sourceTree = BUILT_PRODUCTS_DIR; };
		84E85BD71B441A3600288801 /* Info.plist */ = {isa = PBXFileReference; lastKnownFileType = text.plist.xml; path = Info.plist; sourceTree = "<group>"; };
		84E85BD81B441A3600288801 /* VirtualTouristTests.swift */ = {isa = PBXFileReference; lastKnownFileType = sourcecode.swift; path = VirtualTouristTests.swift; sourceTree = "<group>"; };
		84E85BE31B441BBA00288801 /* Pin.swift */ = {isa = PBXFileReference; fileEncoding = 4; lastKnownFileType = sourcecode.swift; path = Pin.swift; sourceTree = "<group>"; };
		84E85BE51B441BE700288801 /* Photo.swift */ = {isa = PBXFileReference; fileEncoding = 4; lastKnownFileType = sourcecode.swift; path = Photo.swift; sourceTree = "<group>"; };
		84E85BE81B441C8800288801 /* PhotoAlbumViewController.swift */ = {isa = PBXFileReference; fileEncoding = 4; lastKnownFileType = sourcecode.swift; path = PhotoAlbumViewController.swift; sourceTree = "<group>"; };
		84E85BEB1B44226100288801 /* FlickrClient.swift */ = {isa = PBXFileReference; fileEncoding = 4; lastKnownFileType = sourcecode.swift; path = FlickrClient.swift; sourceTree = "<group>"; };
		84E85BED1B44227C00288801 /* FlickrConstants.swift */ = {isa = PBXFileReference; fileEncoding = 4; lastKnownFileType = sourcecode.swift; path = FlickrConstants.swift; sourceTree = "<group>"; };
		84E85BF01B4422CF00288801 /* CoreDataStackManager.swift */ = {isa = PBXFileReference; fileEncoding = 4; lastKnownFileType = sourcecode.swift; path = CoreDataStackManager.swift; sourceTree = "<group>"; };
		84E85BF61B45526F00288801 /* VirtualTourist.xcdatamodel */ = {isa = PBXFileReference; lastKnownFileType = wrapper.xcdatamodel; path = VirtualTourist.xcdatamodel; sourceTree = "<group>"; };
		84E85BFA1B4689BF00288801 /* ImageCache.swift */ = {isa = PBXFileReference; fileEncoding = 4; lastKnownFileType = sourcecode.swift; path = ImageCache.swift; sourceTree = "<group>"; };
/* End PBXFileReference section */

/* Begin PBXFrameworksBuildPhase section */
		84E85BB71B441A3500288801 /* Frameworks */ = {
			isa = PBXFrameworksBuildPhase;
			buildActionMask = 2147483647;
			files = (
			);
			runOnlyForDeploymentPostprocessing = 0;
		};
		84E85BCF1B441A3600288801 /* Frameworks */ = {
			isa = PBXFrameworksBuildPhase;
			buildActionMask = 2147483647;
			files = (
			);
			runOnlyForDeploymentPostprocessing = 0;
		};
/* End PBXFrameworksBuildPhase section */

/* Begin PBXGroup section */
		84E85BB11B441A3500288801 = {
			isa = PBXGroup;
			children = (
				84E85BBC1B441A3500288801 /* VirtualTourist */,
				84E85BD51B441A3600288801 /* VirtualTouristTests */,
				84E85BBB1B441A3500288801 /* Products */,
			);
			sourceTree = "<group>";
		};
		84E85BBB1B441A3500288801 /* Products */ = {
			isa = PBXGroup;
			children = (
				84E85BBA1B441A3500288801 /* VirtualTourist.app */,
				84E85BD21B441A3600288801 /* VirtualTouristTests.xctest */,
			);
			name = Products;
			sourceTree = "<group>";
		};
		84E85BBC1B441A3500288801 /* VirtualTourist */ = {
			isa = PBXGroup;
			children = (
				84E85BF51B45526F00288801 /* VirtualTourist.xcdatamodeld */,
				84E85BEF1B4422A600288801 /* CoreData */,
				84E85BEA1B4421FF00288801 /* Flickr */,
				84E85BE71B441C7200288801 /* ViewController */,
				84E85BE21B441B8600288801 /* Model */,
				84E85BBF1B441A3500288801 /* AppDelegate.swift */,
				84E85BC61B441A3500288801 /* Main.storyboard */,
				84E85BC91B441A3500288801 /* Images.xcassets */,
				84E85BCB1B441A3500288801 /* LaunchScreen.xib */,
				84E85BBD1B441A3500288801 /* Supporting Files */,
			);
			path = VirtualTourist;
			sourceTree = "<group>";
		};
		84E85BBD1B441A3500288801 /* Supporting Files */ = {
			isa = PBXGroup;
			children = (
				84E85BBE1B441A3500288801 /* Info.plist */,
			);
			name = "Supporting Files";
			sourceTree = "<group>";
		};
		84E85BD51B441A3600288801 /* VirtualTouristTests */ = {
			isa = PBXGroup;
			children = (
				84E85BD81B441A3600288801 /* VirtualTouristTests.swift */,
				84E85BD61B441A3600288801 /* Supporting Files */,
			);
			path = VirtualTouristTests;
			sourceTree = "<group>";
		};
		84E85BD61B441A3600288801 /* Supporting Files */ = {
			isa = PBXGroup;
			children = (
				84E85BD71B441A3600288801 /* Info.plist */,
			);
			name = "Supporting Files";
			sourceTree = "<group>";
		};
		84E85BE21B441B8600288801 /* Model */ = {
			isa = PBXGroup;
			children = (
				84E85BE31B441BBA00288801 /* Pin.swift */,
				84E85BE51B441BE700288801 /* Photo.swift */,
			);
			name = Model;
			sourceTree = "<group>";
		};
		84E85BE71B441C7200288801 /* ViewController */ = {
			isa = PBXGroup;
			children = (
				84874AFC1B4A6A8D00BD25A0 /* CollectionViewPhotoCell.swift */,
				84E85BC41B441A3500288801 /* MainViewController.swift */,
				84E85BE81B441C8800288801 /* PhotoAlbumViewController.swift */,
			);
			name = ViewController;
			sourceTree = "<group>";
		};
		84E85BEA1B4421FF00288801 /* Flickr */ = {
			isa = PBXGroup;
			children = (
				84E85BFA1B4689BF00288801 /* ImageCache.swift */,
				84E85BEB1B44226100288801 /* FlickrClient.swift */,
				84E85BED1B44227C00288801 /* FlickrConstants.swift */,
				84874B001B4E535F00BD25A0 /* FlickrDataSearch.swift */,
			);
			name = Flickr;
			sourceTree = "<group>";
		};
		84E85BEF1B4422A600288801 /* CoreData */ = {
			isa = PBXGroup;
			children = (
				84E85BF01B4422CF00288801 /* CoreDataStackManager.swift */,
			);
			name = CoreData;
			sourceTree = "<group>";
		};
/* End PBXGroup section */

/* Begin PBXNativeTarget section */
		84E85BB91B441A3500288801 /* VirtualTourist */ = {
			isa = PBXNativeTarget;
			buildConfigurationList = 84E85BDC1B441A3600288801 /* Build configuration list for PBXNativeTarget "VirtualTourist" */;
			buildPhases = (
				84E85BB61B441A3500288801 /* Sources */,
				84E85BB71B441A3500288801 /* Frameworks */,
				84E85BB81B441A3500288801 /* Resources */,
			);
			buildRules = (
			);
			dependencies = (
			);
			name = VirtualTourist;
			productName = VirtualTourist;
			productReference = 84E85BBA1B441A3500288801 /* VirtualTourist.app */;
			productType = "com.apple.product-type.application";
		};
		84E85BD11B441A3600288801 /* VirtualTouristTests */ = {
			isa = PBXNativeTarget;
			buildConfigurationList = 84E85BDF1B441A3600288801 /* Build configuration list for PBXNativeTarget "VirtualTouristTests" */;
			buildPhases = (
				84E85BCE1B441A3600288801 /* Sources */,
				84E85BCF1B441A3600288801 /* Frameworks */,
				84E85BD01B441A3600288801 /* Resources */,
			);
			buildRules = (
			);
			dependencies = (
				84E85BD41B441A3600288801 /* PBXTargetDependency */,
			);
			name = VirtualTouristTests;
			productName = VirtualTouristTests;
			productReference = 84E85BD21B441A3600288801 /* VirtualTouristTests.xctest */;
			productType = "com.apple.product-type.bundle.unit-test";
		};
/* End PBXNativeTarget section */

/* Begin PBXProject section */
		84E85BB21B441A3500288801 /* Project object */ = {
			isa = PBXProject;
			attributes = {
				LastUpgradeCheck = 0630;
				ORGANIZATIONNAME = Admin;
				TargetAttributes = {
					84E85BB91B441A3500288801 = {
						CreatedOnToolsVersion = 6.3.2;
					};
					84E85BD11B441A3600288801 = {
						CreatedOnToolsVersion = 6.3.2;
						TestTargetID = 84E85BB91B441A3500288801;
					};
				};
			};
			buildConfigurationList = 84E85BB51B441A3500288801 /* Build configuration list for PBXProject "VirtualTourist" */;
			compatibilityVersion = "Xcode 3.2";
			developmentRegion = English;
			hasScannedForEncodings = 0;
			knownRegions = (
				en,
				Base,
			);
			mainGroup = 84E85BB11B441A3500288801;
			productRefGroup = 84E85BBB1B441A3500288801 /* Products */;
			projectDirPath = "";
			projectRoot = "";
			targets = (
				84E85BB91B441A3500288801 /* VirtualTourist */,
				84E85BD11B441A3600288801 /* VirtualTouristTests */,
			);
		};
/* End PBXProject section */

/* Begin PBXResourcesBuildPhase section */
		84E85BB81B441A3500288801 /* Resources */ = {
			isa = PBXResourcesBuildPhase;
			buildActionMask = 2147483647;
			files = (
				84E85BC81B441A3500288801 /* Main.storyboard in Resources */,
				84E85BCD1B441A3500288801 /* LaunchScreen.xib in Resources */,
				84E85BCA1B441A3500288801 /* Images.xcassets in Resources */,
			);
			runOnlyForDeploymentPostprocessing = 0;
		};
		84E85BD01B441A3600288801 /* Resources */ = {
			isa = PBXResourcesBuildPhase;
			buildActionMask = 2147483647;
			files = (
			);
			runOnlyForDeploymentPostprocessing = 0;
		};
/* End PBXResourcesBuildPhase section */

/* Begin PBXSourcesBuildPhase section */
		84E85BB61B441A3500288801 /* Sources */ = {
			isa = PBXSourcesBuildPhase;
			buildActionMask = 2147483647;
			files = (
				84E85BFB1B4689BF00288801 /* ImageCache.swift in Sources */,
				84E85BEE1B44227C00288801 /* FlickrConstants.swift in Sources */,
				84E85BC51B441A3500288801 /* MainViewController.swift in Sources */,
				84E85BF71B45526F00288801 /* VirtualTourist.xcdatamodeld in Sources */,
				84E85BF11B4422CF00288801 /* CoreDataStackManager.swift in Sources */,
				84E85BC01B441A3500288801 /* AppDelegate.swift in Sources */,
				84E85BEC1B44226100288801 /* FlickrClient.swift in Sources */,
				84E85BE41B441BBA00288801 /* Pin.swift in Sources */,
				84874B011B4E535F00BD25A0 /* FlickrDataSearch.swift in Sources */,
				84E85BE61B441BE700288801 /* Photo.swift in Sources */,
				84E85BE91B441C8800288801 /* PhotoAlbumViewController.swift in Sources */,
				84874AFD1B4A6A8D00BD25A0 /* CollectionViewPhotoCell.swift in Sources */,
			);
			runOnlyForDeploymentPostprocessing = 0;
		};
		84E85BCE1B441A3600288801 /* Sources */ = {
			isa = PBXSourcesBuildPhase;
			buildActionMask = 2147483647;
			files = (
				84E85BD91B441A3600288801 /* VirtualTouristTests.swift in Sources */,
			);
			runOnlyForDeploymentPostprocessing = 0;
		};
/* End PBXSourcesBuildPhase section */

/* Begin PBXTargetDependency section */
		84E85BD41B441A3600288801 /* PBXTargetDependency */ = {
			isa = PBXTargetDependency;
			target = 84E85BB91B441A3500288801 /* VirtualTourist */;
			targetProxy = 84E85BD31B441A3600288801 /* PBXContainerItemProxy */;
		};
/* End PBXTargetDependency section */

/* Begin PBXVariantGroup section */
		84E85BC61B441A3500288801 /* Main.storyboard */ = {
			isa = PBXVariantGroup;
			children = (
				84E85BC71B441A3500288801 /* Base */,
			);
			name = Main.storyboard;
			sourceTree = "<group>";
		};
		84E85BCB1B441A3500288801 /* LaunchScreen.xib */ = {
			isa = PBXVariantGroup;
			children = (
				84E85BCC1B441A3500288801 /* Base */,
			);
			name = LaunchScreen.xib;
			sourceTree = "<group>";
		};
/* End PBXVariantGroup section */

/* Begin XCBuildConfiguration section */
		84E85BDA1B441A3600288801 /* Debug */ = {
			isa = XCBuildConfiguration;
			buildSettings = {
				ALWAYS_SEARCH_USER_PATHS = NO;
				CLANG_CXX_LANGUAGE_STANDARD = "gnu++0x";
				CLANG_CXX_LIBRARY = "libc++";
				CLANG_ENABLE_MODULES = YES;
				CLANG_ENABLE_OBJC_ARC = YES;
				CLANG_WARN_BOOL_CONVERSION = YES;
				CLANG_WARN_CONSTANT_CONVERSION = YES;
				CLANG_WARN_DIRECT_OBJC_ISA_USAGE = YES_ERROR;
				CLANG_WARN_EMPTY_BODY = YES;
				CLANG_WARN_ENUM_CONVERSION = YES;
				CLANG_WARN_INT_CONVERSION = YES;
				CLANG_WARN_OBJC_ROOT_CLASS = YES_ERROR;
				CLANG_WARN_UNREACHABLE_CODE = YES;
				CLANG_WARN__DUPLICATE_METHOD_MATCH = YES;
				"CODE_SIGN_IDENTITY[sdk=iphoneos*]" = "iPhone Developer";
				COPY_PHASE_STRIP = NO;
				DEBUG_INFORMATION_FORMAT = "dwarf-with-dsym";
				ENABLE_STRICT_OBJC_MSGSEND = YES;
				GCC_C_LANGUAGE_STANDARD = gnu99;
				GCC_DYNAMIC_NO_PIC = NO;
				GCC_NO_COMMON_BLOCKS = YES;
				GCC_OPTIMIZATION_LEVEL = 0;
				GCC_PREPROCESSOR_DEFINITIONS = (
					"DEBUG=1",
					"$(inherited)",
				);
				GCC_SYMBOLS_PRIVATE_EXTERN = NO;
				GCC_WARN_64_TO_32_BIT_CONVERSION = YES;
				GCC_WARN_ABOUT_RETURN_TYPE = YES_ERROR;
				GCC_WARN_UNDECLARED_SELECTOR = YES;
				GCC_WARN_UNINITIALIZED_AUTOS = YES_AGGRESSIVE;
				GCC_WARN_UNUSED_FUNCTION = YES;
				GCC_WARN_UNUSED_VARIABLE = YES;
				IPHONEOS_DEPLOYMENT_TARGET = 8.3;
				MTL_ENABLE_DEBUG_INFO = YES;
				ONLY_ACTIVE_ARCH = YES;
				SDKROOT = iphoneos;
				SWIFT_OPTIMIZATION_LEVEL = "-Onone";
			};
			name = Debug;
		};
		84E85BDB1B441A3600288801 /* Release */ = {
			isa = XCBuildConfiguration;
			buildSettings = {
				ALWAYS_SEARCH_USER_PATHS = NO;
				CLANG_CXX_LANGUAGE_STANDARD = "gnu++0x";
				CLANG_CXX_LIBRARY = "libc++";
				CLANG_ENABLE_MODULES = YES;
				CLANG_ENABLE_OBJC_ARC = YES;
				CLANG_WARN_BOOL_CONVERSION = YES;
				CLANG_WARN_CONSTANT_CONVERSION = YES;
				CLANG_WARN_DIRECT_OBJC_ISA_USAGE = YES_ERROR;
				CLANG_WARN_EMPTY_BODY = YES;
				CLANG_WARN_ENUM_CONVERSION = YES;
				CLANG_WARN_INT_CONVERSION = YES;
				CLANG_WARN_OBJC_ROOT_CLASS = YES_ERROR;
				CLANG_WARN_UNREACHABLE_CODE = YES;
				CLANG_WARN__DUPLICATE_METHOD_MATCH = YES;
				"CODE_SIGN_IDENTITY[sdk=iphoneos*]" = "iPhone Developer";
				COPY_PHASE_STRIP = NO;
				DEBUG_INFORMATION_FORMAT = "dwarf-with-dsym";
				ENABLE_NS_ASSERTIONS = NO;
				ENABLE_STRICT_OBJC_MSGSEND = YES;
				GCC_C_LANGUAGE_STANDARD = gnu99;
				GCC_NO_COMMON_BLOCKS = YES;
				GCC_WARN_64_TO_32_BIT_CONVERSION = YES;
				GCC_WARN_ABOUT_RETURN_TYPE = YES_ERROR;
				GCC_WARN_UNDECLARED_SELECTOR = YES;
				GCC_WARN_UNINITIALIZED_AUTOS = YES_AGGRESSIVE;
				GCC_WARN_UNUSED_FUNCTION = YES;
				GCC_WARN_UNUSED_VARIABLE = YES;
				IPHONEOS_DEPLOYMENT_TARGET = 8.3;
				MTL_ENABLE_DEBUG_INFO = NO;
				SDKROOT = iphoneos;
				VALIDATE_PRODUCT = YES;
			};
			name = Release;
		};
		84E85BDD1B441A3600288801 /* Debug */ = {
			isa = XCBuildConfiguration;
			buildSettings = {
				ASSETCATALOG_COMPILER_APPICON_NAME = AppIcon;
				INFOPLIST_FILE = VirtualTourist/Info.plist;
				LD_RUNPATH_SEARCH_PATHS = "$(inherited) @executable_path/Frameworks";
				PRODUCT_NAME = "$(TARGET_NAME)";
			};
			name = Debug;
		};
		84E85BDE1B441A3600288801 /* Release */ = {
			isa = XCBuildConfiguration;
			buildSettings = {
				ASSETCATALOG_COMPILER_APPICON_NAME = AppIcon;
				INFOPLIST_FILE = VirtualTourist/Info.plist;
				LD_RUNPATH_SEARCH_PATHS = "$(inherited) @executable_path/Frameworks";
				PRODUCT_NAME = "$(TARGET_NAME)";
			};
			name = Release;
		};
		84E85BE01B441A3600288801 /* Debug */ = {
			isa = XCBuildConfiguration;
			buildSettings = {
				BUNDLE_LOADER = "$(TEST_HOST)";
				FRAMEWORK_SEARCH_PATHS = (
					"$(SDKROOT)/Developer/Library/Frameworks",
					"$(inherited)",
				);
				GCC_PREPROCESSOR_DEFINITIONS = (
					"DEBUG=1",
					"$(inherited)",
				);
				INFOPLIST_FILE = VirtualTouristTests/Info.plist;
				LD_RUNPATH_SEARCH_PATHS = "$(inherited) @executable_path/Frameworks @loader_path/Frameworks";
				PRODUCT_NAME = "$(TARGET_NAME)";
				TEST_HOST = "$(BUILT_PRODUCTS_DIR)/VirtualTourist.app/VirtualTourist";
			};
			name = Debug;
		};
		84E85BE11B441A3600288801 /* Release */ = {
			isa = XCBuildConfiguration;
			buildSettings = {
				BUNDLE_LOADER = "$(TEST_HOST)";
				FRAMEWORK_SEARCH_PATHS = (
					"$(SDKROOT)/Developer/Library/Frameworks",
					"$(inherited)",
				);
				INFOPLIST_FILE = VirtualTouristTests/Info.plist;
				LD_RUNPATH_SEARCH_PATHS = "$(inherited) @executable_path/Frameworks @loader_path/Frameworks";
				PRODUCT_NAME = "$(TARGET_NAME)";
				TEST_HOST = "$(BUILT_PRODUCTS_DIR)/VirtualTourist.app/VirtualTourist";
			};
			name = Release;
		};
/* End XCBuildConfiguration section */

/* Begin XCConfigurationList section */
		84E85BB51B441A3500288801 /* Build configuration list for PBXProject "VirtualTourist" */ = {
			isa = XCConfigurationList;
			buildConfigurations = (
				84E85BDA1B441A3600288801 /* Debug */,
				84E85BDB1B441A3600288801 /* Release */,
			);
			defaultConfigurationIsVisible = 0;
			defaultConfigurationName = Release;
		};
		84E85BDC1B441A3600288801 /* Build configuration list for PBXNativeTarget "VirtualTourist" */ = {
			isa = XCConfigurationList;
			buildConfigurations = (
				84E85BDD1B441A3600288801 /* Debug */,
				84E85BDE1B441A3600288801 /* Release */,
			);
			defaultConfigurationIsVisible = 0;
			defaultConfigurationName = Release;
		};
		84E85BDF1B441A3600288801 /* Build configuration list for PBXNativeTarget "VirtualTouristTests" */ = {
			isa = XCConfigurationList;
			buildConfigurations = (
				84E85BE01B441A3600288801 /* Debug */,
				84E85BE11B441A3600288801 /* Release */,
			);
			defaultConfigurationIsVisible = 0;
			defaultConfigurationName = Release;
		};
/* End XCConfigurationList section */

/* Begin XCVersionGroup section */
		84E85BF51B45526F00288801 /* VirtualTourist.xcdatamodeld */ = {
			isa = XCVersionGroup;
			children = (
				84E85BF61B45526F00288801 /* VirtualTourist.xcdatamodel */,
			);
			currentVersion = 84E85BF61B45526F00288801 /* VirtualTourist.xcdatamodel */;
			path = VirtualTourist.xcdatamodeld;
			sourceTree = SOURCE_ROOT;
			versionGroupType = wrapper.xcdatamodel;
		};
/* End XCVersionGroup section */
	};
	rootObject = 84E85BB21B441A3500288801 /* Project object */;
}
